
Microsoft Visual Studio Solution File, Format Version 12.00
# Visual Studio Version 16
VisualStudioVersion = 16.0.29020.237
MinimumVisualStudioVersion = 10.0.40219.1
Project("{FAE04EC0-301F-11D3-BF4B-00C04F79EFBC}") = "SweepStakes", "SweepStakes\SweepStakes.csproj", "{FD47FAC8-BA38-439A-A4D4-34B649213873}"
EndProject
Global
	GlobalSection(SolutionConfigurationPlatforms) = preSolution
		Debug|Any CPU = Debug|Any CPU
		Release|Any CPU = Release|Any CPU
	EndGlobalSection
	GlobalSection(ProjectConfigurationPlatforms) = postSolution
		{FD47FAC8-BA38-439A-A4D4-34B649213873}.Debug|Any CPU.ActiveCfg = Debug|Any CPU
		{FD47FAC8-BA38-439A-A4D4-34B649213873}.Debug|Any CPU.Build.0 = Debug|Any CPU
		{FD47FAC8-BA38-439A-A4D4-34B649213873}.Release|Any CPU.ActiveCfg = Release|Any CPU
		{FD47FAC8-BA38-439A-A4D4-34B649213873}.Release|Any CPU.Build.0 = Release|Any CPU
	EndGlobalSection
	GlobalSection(SolutionProperties) = preSolution
		HideSolutionNode = FALSE
	EndGlobalSection
	GlobalSection(ExtensibilityGlobals) = postSolution
		SolutionGuid = {6AEEA6D3-E377-4C4F-92A1-7AD6559C7303}
	EndGlobalSection
EndGlobal
